
Microsoft Visual Studio Solution File, Format Version 12.00
# Visual Studio Version 17
VisualStudioVersion = 17.9.34616.47
MinimumVisualStudioVersion = 10.0.40219.1
Project("{FAE04EC0-301F-11D3-BF4B-00C04F79EFBC}") = "ProvaPratica_Polo_FelipeFG", "ProvaPratica_Polo_FelipeFG\ProvaPratica_Polo_FelipeFG.csproj", "{12C05BC4-A139-47EB-BEC2-FCDC27CB34F4}"
EndProject
Global
	GlobalSection(SolutionConfigurationPlatforms) = preSolution
		Debug|Any CPU = Debug|Any CPU
		Release|Any CPU = Release|Any CPU
	EndGlobalSection
	GlobalSection(ProjectConfigurationPlatforms) = postSolution
		{12C05BC4-A139-47EB-BEC2-FCDC27CB34F4}.Debug|Any CPU.ActiveCfg = Debug|Any CPU
		{12C05BC4-A139-47EB-BEC2-FCDC27CB34F4}.Debug|Any CPU.Build.0 = Debug|Any CPU
		{12C05BC4-A139-47EB-BEC2-FCDC27CB34F4}.Release|Any CPU.ActiveCfg = Release|Any CPU
		{12C05BC4-A139-47EB-BEC2-FCDC27CB34F4}.Release|Any CPU.Build.0 = Release|Any CPU
	EndGlobalSection
	GlobalSection(SolutionProperties) = preSolution
		HideSolutionNode = FALSE
	EndGlobalSection
	GlobalSection(ExtensibilityGlobals) = postSolution
		SolutionGuid = {2B6A0B51-DF3B-4DB2-A6BA-8B5650D31EC9}
	EndGlobalSection
EndGlobal
